
Microsoft Visual Studio Solution File, Format Version 12.00
# Visual Studio 15
VisualStudioVersion = 15.0.27004.2010
MinimumVisualStudioVersion = 10.0.40219.1
Project("{FAE04EC0-301F-11D3-BF4B-00C04F79EFBC}") = "ContactsProject", "ContactsProject\ContactsProject.csproj", "{25066259-4EAD-494F-AB4E-A1E938BE7448}"
EndProject
Global
	GlobalSection(SolutionConfigurationPlatforms) = preSolution
		Debug|Any CPU = Debug|Any CPU
		Release|Any CPU = Release|Any CPU
	EndGlobalSection
	GlobalSection(ProjectConfigurationPlatforms) = postSolution
		{25066259-4EAD-494F-AB4E-A1E938BE7448}.Debug|Any CPU.ActiveCfg = Debug|Any CPU
		{25066259-4EAD-494F-AB4E-A1E938BE7448}.Debug|Any CPU.Build.0 = Debug|Any CPU
		{25066259-4EAD-494F-AB4E-A1E938BE7448}.Release|Any CPU.ActiveCfg = Release|Any CPU
		{25066259-4EAD-494F-AB4E-A1E938BE7448}.Release|Any CPU.Build.0 = Release|Any CPU
	EndGlobalSection
	GlobalSection(SolutionProperties) = preSolution
		HideSolutionNode = FALSE
	EndGlobalSection
	GlobalSection(ExtensibilityGlobals) = postSolution
		SolutionGuid = {F8923972-B74C-4BC6-B2EB-C32708C80604}
	EndGlobalSection
EndGlobal
